// !$*UTF8*$!
{
	archiveVersion = 1;
	classes = {
	};
	objectVersion = 56;
	objects = {

/* Begin PBXBuildFile section */
		713FFCFCCEA53994F011DDEC /* Pods_RxPropertyWrapperExample.framework in Frameworks */ = {isa = PBXBuildFile; fileRef = 51353E468CBB9316A4FCE623 /* Pods_RxPropertyWrapperExample.framework */; };
		7AE4B3DB2A2844AA00B7D346 /* AppDelegate.swift in Sources */ = {isa = PBXBuildFile; fileRef = 7AE4B3DA2A2844AA00B7D346 /* AppDelegate.swift */; };
		7AE4B3DF2A2844AA00B7D346 /* ExampleViewController.swift in Sources */ = {isa = PBXBuildFile; fileRef = 7AE4B3DE2A2844AA00B7D346 /* ExampleViewController.swift */; };
		7AE4B3E42A2844AB00B7D346 /* Assets.xcassets in Resources */ = {isa = PBXBuildFile; fileRef = 7AE4B3E32A2844AB00B7D346 /* Assets.xcassets */; };
		7AE4B3E72A2844AB00B7D346 /* LaunchScreen.storyboard in Resources */ = {isa = PBXBuildFile; fileRef = 7AE4B3E52A2844AB00B7D346 /* LaunchScreen.storyboard */; };
		7AE4B3F42A284BF700B7D346 /* ExampleView.swift in Sources */ = {isa = PBXBuildFile; fileRef = 7AE4B3F32A284BF700B7D346 /* ExampleView.swift */; };
/* End PBXBuildFile section */

/* Begin PBXFileReference section */
		51353E468CBB9316A4FCE623 /* Pods_RxPropertyWrapperExample.framework */ = {isa = PBXFileReference; explicitFileType = wrapper.framework; includeInIndex = 0; path = Pods_RxPropertyWrapperExample.framework; sourceTree = BUILT_PRODUCTS_DIR; };
		7AB084712216A30D66E28D06 /* Pods-RxPropertyWrapperExample.debug.xcconfig */ = {isa = PBXFileReference; includeInIndex = 1; lastKnownFileType = text.xcconfig; name = "Pods-RxPropertyWrapperExample.debug.xcconfig"; path = "Target Support Files/Pods-RxPropertyWrapperExample/Pods-RxPropertyWrapperExample.debug.xcconfig"; sourceTree = "<group>"; };
		7AE4B3D72A2844AA00B7D346 /* RxPropertyWrapperExample.app */ = {isa = PBXFileReference; explicitFileType = wrapper.application; includeInIndex = 0; path = RxPropertyWrapperExample.app; sourceTree = BUILT_PRODUCTS_DIR; };
		7AE4B3DA2A2844AA00B7D346 /* AppDelegate.swift */ = {isa = PBXFileReference; lastKnownFileType = sourcecode.swift; path = AppDelegate.swift; sourceTree = "<group>"; };
		7AE4B3DE2A2844AA00B7D346 /* ExampleViewController.swift */ = {isa = PBXFileReference; lastKnownFileType = sourcecode.swift; path = ExampleViewController.swift; sourceTree = "<group>"; };
		7AE4B3E32A2844AB00B7D346 /* Assets.xcassets */ = {isa = PBXFileReference; lastKnownFileType = folder.assetcatalog; path = Assets.xcassets; sourceTree = "<group>"; };
		7AE4B3E62A2844AB00B7D346 /* Base */ = {isa = PBXFileReference; lastKnownFileType = file.storyboard; name = Base; path = Base.lproj/LaunchScreen.storyboard; sourceTree = "<group>"; };
		7AE4B3E82A2844AB00B7D346 /* Info.plist */ = {isa = PBXFileReference; lastKnownFileType = text.plist.xml; path = Info.plist; sourceTree = "<group>"; };
		7AE4B3F32A284BF700B7D346 /* ExampleView.swift */ = {isa = PBXFileReference; lastKnownFileType = sourcecode.swift; path = ExampleView.swift; sourceTree = "<group>"; };
		C5F004AFF535AAC63B2B496E /* Pods-RxPropertyWrapperExample.release.xcconfig */ = {isa = PBXFileReference; includeInIndex = 1; lastKnownFileType = text.xcconfig; name = "Pods-RxPropertyWrapperExample.release.xcconfig"; path = "Target Support Files/Pods-RxPropertyWrapperExample/Pods-RxPropertyWrapperExample.release.xcconfig"; sourceTree = "<group>"; };
/* End PBXFileReference section */

/* Begin PBXFrameworksBuildPhase section */
		7AE4B3D42A2844AA00B7D346 /* Frameworks */ = {
			isa = PBXFrameworksBuildPhase;
			buildActionMask = 2147483647;
			files = (
				713FFCFCCEA53994F011DDEC /* Pods_RxPropertyWrapperExample.framework in Frameworks */,
			);
			runOnlyForDeploymentPostprocessing = 0;
		};
/* End PBXFrameworksBuildPhase section */

/* Begin PBXGroup section */
		1655E11E5D98EB361EF58BD3 /* Frameworks */ = {
			isa = PBXGroup;
			children = (
				51353E468CBB9316A4FCE623 /* Pods_RxPropertyWrapperExample.framework */,
			);
			name = Frameworks;
			sourceTree = "<group>";
		};
		44D8472BBDD09A383534005C /* Pods */ = {
			isa = PBXGroup;
			children = (
				7AB084712216A30D66E28D06 /* Pods-RxPropertyWrapperExample.debug.xcconfig */,
				C5F004AFF535AAC63B2B496E /* Pods-RxPropertyWrapperExample.release.xcconfig */,
			);
			path = Pods;
			sourceTree = "<group>";
		};
		7AE4B3CE2A2844AA00B7D346 = {
			isa = PBXGroup;
			children = (
				7AE4B3D92A2844AA00B7D346 /* RxPropertyWrapperExample */,
				7AE4B3D82A2844AA00B7D346 /* Products */,
				44D8472BBDD09A383534005C /* Pods */,
				1655E11E5D98EB361EF58BD3 /* Frameworks */,
			);
			sourceTree = "<group>";
		};
		7AE4B3D82A2844AA00B7D346 /* Products */ = {
			isa = PBXGroup;
			children = (
				7AE4B3D72A2844AA00B7D346 /* RxPropertyWrapperExample.app */,
			);
			name = Products;
			sourceTree = "<group>";
		};
		7AE4B3D92A2844AA00B7D346 /* RxPropertyWrapperExample */ = {
			isa = PBXGroup;
			children = (
				7AE4B3F02A284AF500B7D346 /* Sources */,
				7AE4B3E32A2844AB00B7D346 /* Assets.xcassets */,
				7AE4B3E82A2844AB00B7D346 /* Info.plist */,
				7AE4B3E52A2844AB00B7D346 /* LaunchScreen.storyboard */,
			);
			path = RxPropertyWrapperExample;
			sourceTree = "<group>";
		};
		7AE4B3F02A284AF500B7D346 /* Sources */ = {
			isa = PBXGroup;
			children = (
				7AE4B3DA2A2844AA00B7D346 /* AppDelegate.swift */,
				7AE4B3F32A284BF700B7D346 /* ExampleView.swift */,
				7AE4B3DE2A2844AA00B7D346 /* ExampleViewController.swift */,
			);
			path = Sources;
			sourceTree = "<group>";
		};
/* End PBXGroup section */

/* Begin PBXNativeTarget section */
		7AE4B3D62A2844AA00B7D346 /* RxPropertyWrapperExample */ = {
			isa = PBXNativeTarget;
			buildConfigurationList = 7AE4B3EB2A2844AB00B7D346 /* Build configuration list for PBXNativeTarget "RxPropertyWrapperExample" */;
			buildPhases = (
				1B855D3F487529ACC0E979EB /* [CP] Check Pods Manifest.lock */,
				7AE4B3D32A2844AA00B7D346 /* Sources */,
				7AE4B3D42A2844AA00B7D346 /* Frameworks */,
				7AE4B3D52A2844AA00B7D346 /* Resources */,
			);
			buildRules = (
			);
			dependencies = (
			);
			name = RxPropertyWrapperExample;
			productName = RxPropertyWrapperExample;
			productReference = 7AE4B3D72A2844AA00B7D346 /* RxPropertyWrapperExample.app */;
			productType = "com.apple.product-type.application";
		};
/* End PBXNativeTarget section */

/* Begin PBXProject section */
		7AE4B3CF2A2844AA00B7D346 /* Project object */ = {
			isa = PBXProject;
			attributes = {
				BuildIndependentTargetsInParallel = 1;
				LastSwiftUpdateCheck = 1430;
				LastUpgradeCheck = 1430;
				TargetAttributes = {
					7AE4B3D62A2844AA00B7D346 = {
						CreatedOnToolsVersion = 14.3;
					};
				};
			};
			buildConfigurationList = 7AE4B3D22A2844AA00B7D346 /* Build configuration list for PBXProject "RxPropertyWrapperExample" */;
			compatibilityVersion = "Xcode 14.0";
			developmentRegion = en;
			hasScannedForEncodings = 0;
			knownRegions = (
				en,
				Base,
			);
			mainGroup = 7AE4B3CE2A2844AA00B7D346;
			productRefGroup = 7AE4B3D82A2844AA00B7D346 /* Products */;
			projectDirPath = "";
			projectRoot = "";
			targets = (
				7AE4B3D62A2844AA00B7D346 /* RxPropertyWrapperExample */,
			);
		};
/* End PBXProject section */

/* Begin PBXResourcesBuildPhase section */
		7AE4B3D52A2844AA00B7D346 /* Resources */ = {
			isa = PBXResourcesBuildPhase;
			buildActionMask = 2147483647;
			files = (
				7AE4B3E72A2844AB00B7D346 /* LaunchScreen.storyboard in Resources */,
				7AE4B3E42A2844AB00B7D346 /* Assets.xcassets in Resources */,
			);
			runOnlyForDeploymentPostprocessing = 0;
		};
/* End PBXResourcesBuildPhase section */

/* Begin PBXShellScriptBuildPhase section */
		1B855D3F487529ACC0E979EB /* [CP] Check Pods Manifest.lock */ = {
			isa = PBXShellScriptBuildPhase;
			buildActionMask = 2147483647;
			files = (
			);
			inputFileListPaths = (
			);
			inputPaths = (
				"${PODS_PODFILE_DIR_PATH}/Podfile.lock",
				"${PODS_ROOT}/Manifest.lock",
			);
			name = "[CP] Check Pods Manifest.lock";
			outputFileListPaths = (
			);
			outputPaths = (
				"$(DERIVED_FILE_DIR)/Pods-RxPropertyWrapperExample-checkManifestLockResult.txt",
			);
			runOnlyForDeploymentPostprocessing = 0;
			shellPath = /bin/sh;
			shellScript = "diff \"${PODS_PODFILE_DIR_PATH}/Podfile.lock\" \"${PODS_ROOT}/Manifest.lock\" > /dev/null\nif [ $? != 0 ] ; then\n    # print error to STDERR\n    echo \"error: The sandbox is not in sync with the Podfile.lock. Run 'pod install' or update your CocoaPods installation.\" >&2\n    exit 1\nfi\n# This output is used by Xcode 'outputs' to avoid re-running this script phase.\necho \"SUCCESS\" > \"${SCRIPT_OUTPUT_FILE_0}\"\n";
			showEnvVarsInLog = 0;
		};
/* End PBXShellScriptBuildPhase section */

/* Begin PBXSourcesBuildPhase section */
		7AE4B3D32A2844AA00B7D346 /* Sources */ = {
			isa = PBXSourcesBuildPhase;
			buildActionMask = 2147483647;
			files = (
				7AE4B3DF2A2844AA00B7D346 /* ExampleViewController.swift in Sources */,
				7AE4B3DB2A2844AA00B7D346 /* AppDelegate.swift in Sources */,
				7AE4B3F42A284BF700B7D346 /* ExampleView.swift in Sources */,
			);
			runOnlyForDeploymentPostprocessing = 0;
		};
/* End PBXSourcesBuildPhase section */

/* Begin PBXVariantGroup section */
		7AE4B3E52A2844AB00B7D346 /* LaunchScreen.storyboard */ = {
			isa = PBXVariantGroup;
			children = (
				7AE4B3E62A2844AB00B7D346 /* Base */,
			);
			name = LaunchScreen.storyboard;
			sourceTree = "<group>";
		};
/* End PBXVariantGroup section */

/* Begin XCBuildConfiguration section */
		7AE4B3E92A2844AB00B7D346 /* Debug */ = {
			isa = XCBuildConfiguration;
			buildSettings = {
				ALWAYS_SEARCH_USER_PATHS = NO;
				CLANG_ANALYZER_NONNULL = YES;
				CLANG_ANALYZER_NUMBER_OBJECT_CONVERSION = YES_AGGRESSIVE;
				CLANG_CXX_LANGUAGE_STANDARD = "gnu++20";
				CLANG_ENABLE_MODULES = YES;
				CLANG_ENABLE_OBJC_ARC = YES;
				CLANG_ENABLE_OBJC_WEAK = YES;
				CLANG_WARN_BLOCK_CAPTURE_AUTORELEASING = YES;
				CLANG_WARN_BOOL_CONVERSION = YES;
				CLANG_WARN_COMMA = YES;
				CLANG_WARN_CONSTANT_CONVERSION = YES;
				CLANG_WARN_DEPRECATED_OBJC_IMPLEMENTATIONS = YES;
				CLANG_WARN_DIRECT_OBJC_ISA_USAGE = YES_ERROR;
				CLANG_WARN_DOCUMENTATION_COMMENTS = YES;
				CLANG_WARN_EMPTY_BODY = YES;
				CLANG_WARN_ENUM_CONVERSION = YES;
				CLANG_WARN_INFINITE_RECURSION = YES;
				CLANG_WARN_INT_CONVERSION = YES;
				CLANG_WARN_NON_LITERAL_NULL_CONVERSION = YES;
				CLANG_WARN_OBJC_IMPLICIT_RETAIN_SELF = YES;
				CLANG_WARN_OBJC_LITERAL_CONVERSION = YES;
				CLANG_WARN_OBJC_ROOT_CLASS = YES_ERROR;
				CLANG_WARN_QUOTED_INCLUDE_IN_FRAMEWORK_HEADER = YES;
				CLANG_WARN_RANGE_LOOP_ANALYSIS = YES;
				CLANG_WARN_STRICT_PROTOTYPES = YES;
				CLANG_WARN_SUSPICIOUS_MOVE = YES;
				CLANG_WARN_UNGUARDED_AVAILABILITY = YES_AGGRESSIVE;
				CLANG_WARN_UNREACHABLE_CODE = YES;
				CLANG_WARN__DUPLICATE_METHOD_MATCH = YES;
				COPY_PHASE_STRIP = NO;
				DEBUG_INFORMATION_FORMAT = dwarf;
				ENABLE_STRICT_OBJC_MSGSEND = YES;
				ENABLE_TESTABILITY = YES;
				GCC_C_LANGUAGE_STANDARD = gnu11;
				GCC_DYNAMIC_NO_PIC = NO;
				GCC_NO_COMMON_BLOCKS = YES;
				GCC_OPTIMIZATION_LEVEL = 0;
				GCC_PREPROCESSOR_DEFINITIONS = (
					"DEBUG=1",
					"$(inherited)",
				);
				GCC_WARN_64_TO_32_BIT_CONVERSION = YES;
				GCC_WARN_ABOUT_RETURN_TYPE = YES_ERROR;
				GCC_WARN_UNDECLARED_SELECTOR = YES;
				GCC_WARN_UNINITIALIZED_AUTOS = YES_AGGRESSIVE;
				GCC_WARN_UNUSED_FUNCTION = YES;
				GCC_WARN_UNUSED_VARIABLE = YES;
				IPHONEOS_DEPLOYMENT_TARGET = 13.0;
				MTL_ENABLE_DEBUG_INFO = INCLUDE_SOURCE;
				MTL_FAST_MATH = YES;
				ONLY_ACTIVE_ARCH = YES;
				SDKROOT = iphoneos;
				SWIFT_ACTIVE_COMPILATION_CONDITIONS = DEBUG;
				SWIFT_OPTIMIZATION_LEVEL = "-Onone";
			};
			name = Debug;
		};
		7AE4B3EA2A2844AB00B7D346 /* Release */ = {
			isa = XCBuildConfiguration;
			buildSettings = {
				ALWAYS_SEARCH_USER_PATHS = NO;
				CLANG_ANALYZER_NONNULL = YES;
				CLANG_ANALYZER_NUMBER_OBJECT_CONVERSION = YES_AGGRESSIVE;
				CLANG_CXX_LANGUAGE_STANDARD = "gnu++20";
				CLANG_ENABLE_MODULES = YES;
				CLANG_ENABLE_OBJC_ARC = YES;
				CLANG_ENABLE_OBJC_WEAK = YES;
				CLANG_WARN_BLOCK_CAPTURE_AUTORELEASING = YES;
				CLANG_WARN_BOOL_CONVERSION = YES;
				CLANG_WARN_COMMA = YES;
				CLANG_WARN_CONSTANT_CONVERSION = YES;
				CLANG_WARN_DEPRECATED_OBJC_IMPLEMENTATIONS = YES;
				CLANG_WARN_DIRECT_OBJC_ISA_USAGE = YES_ERROR;
				CLANG_WARN_DOCUMENTATION_COMMENTS = YES;
				CLANG_WARN_EMPTY_BODY = YES;
				CLANG_WARN_ENUM_CONVERSION = YES;
				CLANG_WARN_INFINITE_RECURSION = YES;
				CLANG_WARN_INT_CONVERSION = YES;
				CLANG_WARN_NON_LITERAL_NULL_CONVERSION = YES;
				CLANG_WARN_OBJC_IMPLICIT_RETAIN_SELF = YES;
				CLANG_WARN_OBJC_LITERAL_CONVERSION = YES;
				CLANG_WARN_OBJC_ROOT_CLASS = YES_ERROR;
				CLANG_WARN_QUOTED_INCLUDE_IN_FRAMEWORK_HEADER = YES;
				CLANG_WARN_RANGE_LOOP_ANALYSIS = YES;
				CLANG_WARN_STRICT_PROTOTYPES = YES;
				CLANG_WARN_SUSPICIOUS_MOVE = YES;
				CLANG_WARN_UNGUARDED_AVAILABILITY = YES_AGGRESSIVE;
				CLANG_WARN_UNREACHABLE_CODE = YES;
				CLANG_WARN__DUPLICATE_METHOD_MATCH = YES;
				COPY_PHASE_STRIP = NO;
				DEBUG_INFORMATION_FORMAT = "dwarf-with-dsym";
				ENABLE_NS_ASSERTIONS = NO;
				ENABLE_STRICT_OBJC_MSGSEND = YES;
				GCC_C_LANGUAGE_STANDARD = gnu11;
				GCC_NO_COMMON_BLOCKS = YES;
				GCC_WARN_64_TO_32_BIT_CONVERSION = YES;
				GCC_WARN_ABOUT_RETURN_TYPE = YES_ERROR;
				GCC_WARN_UNDECLARED_SELECTOR = YES;
				GCC_WARN_UNINITIALIZED_AUTOS = YES_AGGRESSIVE;
				GCC_WARN_UNUSED_FUNCTION = YES;
				GCC_WARN_UNUSED_VARIABLE = YES;
				IPHONEOS_DEPLOYMENT_TARGET = 13.0;
				MTL_ENABLE_DEBUG_INFO = NO;
				MTL_FAST_MATH = YES;
				SDKROOT = iphoneos;
				SWIFT_COMPILATION_MODE = wholemodule;
				SWIFT_OPTIMIZATION_LEVEL = "-O";
				VALIDATE_PRODUCT = YES;
			};
			name = Release;
		};
		7AE4B3EC2A2844AB00B7D346 /* Debug */ = {
			isa = XCBuildConfiguration;
			baseConfigurationReference = 7AB084712216A30D66E28D06 /* Pods-RxPropertyWrapperExample.debug.xcconfig */;
			buildSettings = {
				ASSETCATALOG_COMPILER_APPICON_NAME = AppIcon;
				ASSETCATALOG_COMPILER_GLOBAL_ACCENT_COLOR_NAME = AccentColor;
				CODE_SIGN_STYLE = Automatic;
				CURRENT_PROJECT_VERSION = 1;
				DEVELOPMENT_TEAM = KJ6AEY5JEH;
				GENERATE_INFOPLIST_FILE = YES;
				INFOPLIST_FILE = RxPropertyWrapperExample/Info.plist;
				INFOPLIST_KEY_UIApplicationSupportsIndirectInputEvents = YES;
				INFOPLIST_KEY_UILaunchStoryboardName = LaunchScreen;
				INFOPLIST_KEY_UIMainStoryboardFile = "";
				INFOPLIST_KEY_UISupportedInterfaceOrientations_iPad = "UIInterfaceOrientationPortrait UIInterfaceOrientationPortraitUpsideDown UIInterfaceOrientationLandscapeLeft UIInterfaceOrientationLandscapeRight";
				INFOPLIST_KEY_UISupportedInterfaceOrientations_iPhone = "UIInterfaceOrientationPortrait UIInterfaceOrientationLandscapeLeft UIInterfaceOrientationLandscapeRight";
				LD_RUNPATH_SEARCH_PATHS = (
					"$(inherited)",
					"@executable_path/Frameworks",
				);
				MARKETING_VERSION = 1.0;
				PRODUCT_BUNDLE_IDENTIFIER = com.ruanmei.rxpropertywrapper.example.RxPropertyWrapperExample;
				PRODUCT_NAME = "$(TARGET_NAME)";
				SWIFT_EMIT_LOC_STRINGS = YES;
				SWIFT_VERSION = 5.0;
				TARGETED_DEVICE_FAMILY = "1,2";
			};
			name = Debug;
		};
		7AE4B3ED2A2844AB00B7D346 /* Release */ = {
			isa = XCBuildConfiguration;
			baseConfigurationReference = C5F004AFF535AAC63B2B496E /* Pods-RxPropertyWrapperExample.release.xcconfig */;
			buildSettings = {
				ASSETCATALOG_COMPILER_APPICON_NAME = AppIcon;
				ASSETCATALOG_COMPILER_GLOBAL_ACCENT_COLOR_NAME = AccentColor;
				CODE_SIGN_STYLE = Automatic;
				CURRENT_PROJECT_VERSION = 1;
				DEVELOPMENT_TEAM = KJ6AEY5JEH;
				GENERATE_INFOPLIST_FILE = YES;
				INFOPLIST_FILE = RxPropertyWrapperExample/Info.plist;
				INFOPLIST_KEY_UIApplicationSupportsIndirectInputEvents = YES;
				INFOPLIST_KEY_UILaunchStoryboardName = LaunchScreen;
				INFOPLIST_KEY_UIMainStoryboardFile = "";
				INFOPLIST_KEY_UISupportedInterfaceOrientations_iPad = "UIInterfaceOrientationPortrait UIInterfaceOrientationPortraitUpsideDown UIInterfaceOrientationLandscapeLeft UIInterfaceOrientationLandscapeRight";
				INFOPLIST_KEY_UISupportedInterfaceOrientations_iPhone = "UIInterfaceOrientationPortrait UIInterfaceOrientationLandscapeLeft UIInterfaceOrientationLandscapeRight";
				LD_RUNPATH_SEARCH_PATHS = (
					"$(inherited)",
					"@executable_path/Frameworks",
				);
				MARKETING_VERSION = 1.0;
				PRODUCT_BUNDLE_IDENTIFIER = com.ruanmei.rxpropertywrapper.example.RxPropertyWrapperExample;
				PRODUCT_NAME = "$(TARGET_NAME)";
				SWIFT_EMIT_LOC_STRINGS = YES;
				SWIFT_VERSION = 5.0;
				TARGETED_DEVICE_FAMILY = "1,2";
			};
			name = Release;
		};
/* End XCBuildConfiguration section */

/* Begin XCConfigurationList section */
		7AE4B3D22A2844AA00B7D346 /* Build configuration list for PBXProject "RxPropertyWrapperExample" */ = {
			isa = XCConfigurationList;
			buildConfigurations = (
				7AE4B3E92A2844AB00B7D346 /* Debug */,
				7AE4B3EA2A2844AB00B7D346 /* Release */,
			);
			defaultConfigurationIsVisible = 0;
			defaultConfigurationName = Release;
		};
		7AE4B3EB2A2844AB00B7D346 /* Build configuration list for PBXNativeTarget "RxPropertyWrapperExample" */ = {
			isa = XCConfigurationList;
			buildConfigurations = (
				7AE4B3EC2A2844AB00B7D346 /* Debug */,
				7AE4B3ED2A2844AB00B7D346 /* Release */,
			);
			defaultConfigurationIsVisible = 0;
			defaultConfigurationName = Release;
		};
/* End XCConfigurationList section */
	};
	rootObject = 7AE4B3CF2A2844AA00B7D346 /* Project object */;
}
