// !$*UTF8*$!
{
	archiveVersion = 1;
	classes = {
	};
	objectVersion = 56;
	objects = {

/* Begin PBXBuildFile section */
		7AE9737F2BD5EF64003CF880 /* Assets.xcassets in Resources */ = {isa = PBXBuildFile; fileRef = 7AE9737E2BD5EF64003CF880 /* Assets.xcassets */; };
		7AE973822BD5EF64003CF880 /* LaunchScreen.storyboard in Resources */ = {isa = PBXBuildFile; fileRef = 7AE973802BD5EF64003CF880 /* LaunchScreen.storyboard */; };
		7AE9738D2BD5F14F003CF880 /* ExampleViewController.swift in Sources */ = {isa = PBXBuildFile; fileRef = 7AE9738A2BD5F14F003CF880 /* ExampleViewController.swift */; };
		7AE9738E2BD5F14F003CF880 /* ExampleView.swift in Sources */ = {isa = PBXBuildFile; fileRef = 7AE9738B2BD5F14F003CF880 /* ExampleView.swift */; };
		7AE9738F2BD5F14F003CF880 /* AppDelegate.swift in Sources */ = {isa = PBXBuildFile; fileRef = 7AE9738C2BD5F14F003CF880 /* AppDelegate.swift */; };
		7AE973902BD5F61C003CF880 /* Main.storyboard in Resources */ = {isa = PBXBuildFile; fileRef = 7AE9737B2BD5EF63003CF880 /* Main.storyboard */; };
		F5BF4962624E1AA78499715D /* Pods_RxSwiftSupplementExample.framework in Frameworks */ = {isa = PBXBuildFile; fileRef = 162DCFF32159253A918E9387 /* Pods_RxSwiftSupplementExample.framework */; };
/* End PBXBuildFile section */

/* Begin PBXFileReference section */
		162DCFF32159253A918E9387 /* Pods_RxSwiftSupplementExample.framework */ = {isa = PBXFileReference; explicitFileType = wrapper.framework; includeInIndex = 0; path = Pods_RxSwiftSupplementExample.framework; sourceTree = BUILT_PRODUCTS_DIR; };
		47C32BA5A4E89F9C24F12CFC /* Pods-RxSwiftSupplementExample.debug.xcconfig */ = {isa = PBXFileReference; includeInIndex = 1; lastKnownFileType = text.xcconfig; name = "Pods-RxSwiftSupplementExample.debug.xcconfig"; path = "Target Support Files/Pods-RxSwiftSupplementExample/Pods-RxSwiftSupplementExample.debug.xcconfig"; sourceTree = "<group>"; };
		7AE973722BD5EF63003CF880 /* RxSwiftSupplementExample.app */ = {isa = PBXFileReference; explicitFileType = wrapper.application; includeInIndex = 0; path = RxSwiftSupplementExample.app; sourceTree = BUILT_PRODUCTS_DIR; };
		7AE9737C2BD5EF63003CF880 /* Base */ = {isa = PBXFileReference; lastKnownFileType = file.storyboard; name = Base; path = Base.lproj/Main.storyboard; sourceTree = "<group>"; };
		7AE9737E2BD5EF64003CF880 /* Assets.xcassets */ = {isa = PBXFileReference; lastKnownFileType = folder.assetcatalog; path = Assets.xcassets; sourceTree = "<group>"; };
		7AE973812BD5EF64003CF880 /* Base */ = {isa = PBXFileReference; lastKnownFileType = file.storyboard; name = Base; path = Base.lproj/LaunchScreen.storyboard; sourceTree = "<group>"; };
		7AE973832BD5EF64003CF880 /* Info.plist */ = {isa = PBXFileReference; lastKnownFileType = text.plist.xml; path = Info.plist; sourceTree = "<group>"; };
		7AE9738A2BD5F14F003CF880 /* ExampleViewController.swift */ = {isa = PBXFileReference; fileEncoding = 4; lastKnownFileType = sourcecode.swift; path = ExampleViewController.swift; sourceTree = "<group>"; };
		7AE9738B2BD5F14F003CF880 /* ExampleView.swift */ = {isa = PBXFileReference; fileEncoding = 4; lastKnownFileType = sourcecode.swift; path = ExampleView.swift; sourceTree = "<group>"; };
		7AE9738C2BD5F14F003CF880 /* AppDelegate.swift */ = {isa = PBXFileReference; fileEncoding = 4; lastKnownFileType = sourcecode.swift; path = AppDelegate.swift; sourceTree = "<group>"; };
		7FC62C8157A005663BE12B07 /* Pods-RxSwiftSupplementExample.release.xcconfig */ = {isa = PBXFileReference; includeInIndex = 1; lastKnownFileType = text.xcconfig; name = "Pods-RxSwiftSupplementExample.release.xcconfig"; path = "Target Support Files/Pods-RxSwiftSupplementExample/Pods-RxSwiftSupplementExample.release.xcconfig"; sourceTree = "<group>"; };
/* End PBXFileReference section */

/* Begin PBXFrameworksBuildPhase section */
		7AE9736F2BD5EF63003CF880 /* Frameworks */ = {
			isa = PBXFrameworksBuildPhase;
			buildActionMask = 2147483647;
			files = (
				F5BF4962624E1AA78499715D /* Pods_RxSwiftSupplementExample.framework in Frameworks */,
			);
			runOnlyForDeploymentPostprocessing = 0;
		};
/* End PBXFrameworksBuildPhase section */

/* Begin PBXGroup section */
		71DFDF92389AC405D6C0F3DA /* Pods */ = {
			isa = PBXGroup;
			children = (
				47C32BA5A4E89F9C24F12CFC /* Pods-RxSwiftSupplementExample.debug.xcconfig */,
				7FC62C8157A005663BE12B07 /* Pods-RxSwiftSupplementExample.release.xcconfig */,
			);
			path = Pods;
			sourceTree = "<group>";
		};
		7AE973692BD5EF63003CF880 = {
			isa = PBXGroup;
			children = (
				7AE973742BD5EF63003CF880 /* RxSwiftSupplementExample */,
				7AE973732BD5EF63003CF880 /* Products */,
				71DFDF92389AC405D6C0F3DA /* Pods */,
				C7667A974E7C775D00A4A19B /* Frameworks */,
			);
			sourceTree = "<group>";
		};
		7AE973732BD5EF63003CF880 /* Products */ = {
			isa = PBXGroup;
			children = (
				7AE973722BD5EF63003CF880 /* RxSwiftSupplementExample.app */,
			);
			name = Products;
			sourceTree = "<group>";
		};
		7AE973742BD5EF63003CF880 /* RxSwiftSupplementExample */ = {
			isa = PBXGroup;
			children = (
				7AE973892BD5F14F003CF880 /* Sources */,
				7AE9737B2BD5EF63003CF880 /* Main.storyboard */,
				7AE9737E2BD5EF64003CF880 /* Assets.xcassets */,
				7AE973802BD5EF64003CF880 /* LaunchScreen.storyboard */,
				7AE973832BD5EF64003CF880 /* Info.plist */,
			);
			path = RxSwiftSupplementExample;
			sourceTree = "<group>";
		};
		7AE973892BD5F14F003CF880 /* Sources */ = {
			isa = PBXGroup;
			children = (
				7AE9738C2BD5F14F003CF880 /* AppDelegate.swift */,
				7AE9738B2BD5F14F003CF880 /* ExampleView.swift */,
				7AE9738A2BD5F14F003CF880 /* ExampleViewController.swift */,
			);
			path = Sources;
			sourceTree = "<group>";
		};
		C7667A974E7C775D00A4A19B /* Frameworks */ = {
			isa = PBXGroup;
			children = (
				162DCFF32159253A918E9387 /* Pods_RxSwiftSupplementExample.framework */,
			);
			name = Frameworks;
			sourceTree = "<group>";
		};
/* End PBXGroup section */

/* Begin PBXNativeTarget section */
		7AE973712BD5EF63003CF880 /* RxSwiftSupplementExample */ = {
			isa = PBXNativeTarget;
			buildConfigurationList = 7AE973862BD5EF64003CF880 /* Build configuration list for PBXNativeTarget "RxSwiftSupplementExample" */;
			buildPhases = (
				52171B4E9B8B0DD362D95195 /* [CP] Check Pods Manifest.lock */,
				7AE9736E2BD5EF63003CF880 /* Sources */,
				7AE9736F2BD5EF63003CF880 /* Frameworks */,
				7AE973702BD5EF63003CF880 /* Resources */,
			);
			buildRules = (
			);
			dependencies = (
			);
			name = RxSwiftSupplementExample;
			productName = RxSwiftSupplementExample;
			productReference = 7AE973722BD5EF63003CF880 /* RxSwiftSupplementExample.app */;
			productType = "com.apple.product-type.application";
		};
/* End PBXNativeTarget section */

/* Begin PBXProject section */
		7AE9736A2BD5EF63003CF880 /* Project object */ = {
			isa = PBXProject;
			attributes = {
				BuildIndependentTargetsInParallel = 1;
				LastSwiftUpdateCheck = 1520;
				LastUpgradeCheck = 1520;
				TargetAttributes = {
					7AE973712BD5EF63003CF880 = {
						CreatedOnToolsVersion = 15.2;
					};
				};
			};
			buildConfigurationList = 7AE9736D2BD5EF63003CF880 /* Build configuration list for PBXProject "RxSwiftSupplementExample" */;
			compatibilityVersion = "Xcode 14.0";
			developmentRegion = en;
			hasScannedForEncodings = 0;
			knownRegions = (
				en,
				Base,
			);
			mainGroup = 7AE973692BD5EF63003CF880;
			productRefGroup = 7AE973732BD5EF63003CF880 /* Products */;
			projectDirPath = "";
			projectRoot = "";
			targets = (
				7AE973712BD5EF63003CF880 /* RxSwiftSupplementExample */,
			);
		};
/* End PBXProject section */

/* Begin PBXResourcesBuildPhase section */
		7AE973702BD5EF63003CF880 /* Resources */ = {
			isa = PBXResourcesBuildPhase;
			buildActionMask = 2147483647;
			files = (
				7AE973902BD5F61C003CF880 /* Main.storyboard in Resources */,
				7AE973822BD5EF64003CF880 /* LaunchScreen.storyboard in Resources */,
				7AE9737F2BD5EF64003CF880 /* Assets.xcassets in Resources */,
			);
			runOnlyForDeploymentPostprocessing = 0;
		};
/* End PBXResourcesBuildPhase section */

/* Begin PBXShellScriptBuildPhase section */
		52171B4E9B8B0DD362D95195 /* [CP] Check Pods Manifest.lock */ = {
			isa = PBXShellScriptBuildPhase;
			buildActionMask = 2147483647;
			files = (
			);
			inputFileListPaths = (
			);
			inputPaths = (
				"${PODS_PODFILE_DIR_PATH}/Podfile.lock",
				"${PODS_ROOT}/Manifest.lock",
			);
			name = "[CP] Check Pods Manifest.lock";
			outputFileListPaths = (
			);
			outputPaths = (
				"$(DERIVED_FILE_DIR)/Pods-RxSwiftSupplementExample-checkManifestLockResult.txt",
			);
			runOnlyForDeploymentPostprocessing = 0;
			shellPath = /bin/sh;
			shellScript = "diff \"${PODS_PODFILE_DIR_PATH}/Podfile.lock\" \"${PODS_ROOT}/Manifest.lock\" > /dev/null\nif [ $? != 0 ] ; then\n    # print error to STDERR\n    echo \"error: The sandbox is not in sync with the Podfile.lock. Run 'pod install' or update your CocoaPods installation.\" >&2\n    exit 1\nfi\n# This output is used by Xcode 'outputs' to avoid re-running this script phase.\necho \"SUCCESS\" > \"${SCRIPT_OUTPUT_FILE_0}\"\n";
			showEnvVarsInLog = 0;
		};
/* End PBXShellScriptBuildPhase section */

/* Begin PBXSourcesBuildPhase section */
		7AE9736E2BD5EF63003CF880 /* Sources */ = {
			isa = PBXSourcesBuildPhase;
			buildActionMask = 2147483647;
			files = (
				7AE9738F2BD5F14F003CF880 /* AppDelegate.swift in Sources */,
				7AE9738D2BD5F14F003CF880 /* ExampleViewController.swift in Sources */,
				7AE9738E2BD5F14F003CF880 /* ExampleView.swift in Sources */,
			);
			runOnlyForDeploymentPostprocessing = 0;
		};
/* End PBXSourcesBuildPhase section */

/* Begin PBXVariantGroup section */
		7AE9737B2BD5EF63003CF880 /* Main.storyboard */ = {
			isa = PBXVariantGroup;
			children = (
				7AE9737C2BD5EF63003CF880 /* Base */,
			);
			name = Main.storyboard;
			sourceTree = "<group>";
		};
		7AE973802BD5EF64003CF880 /* LaunchScreen.storyboard */ = {
			isa = PBXVariantGroup;
			children = (
				7AE973812BD5EF64003CF880 /* Base */,
			);
			name = LaunchScreen.storyboard;
			sourceTree = "<group>";
		};
/* End PBXVariantGroup section */

/* Begin XCBuildConfiguration section */
		7AE973842BD5EF64003CF880 /* Debug */ = {
			isa = XCBuildConfiguration;
			buildSettings = {
				ALWAYS_SEARCH_USER_PATHS = NO;
				ASSETCATALOG_COMPILER_GENERATE_SWIFT_ASSET_SYMBOL_EXTENSIONS = YES;
				CLANG_ANALYZER_NONNULL = YES;
				CLANG_ANALYZER_NUMBER_OBJECT_CONVERSION = YES_AGGRESSIVE;
				CLANG_CXX_LANGUAGE_STANDARD = "gnu++20";
				CLANG_ENABLE_MODULES = YES;
				CLANG_ENABLE_OBJC_ARC = YES;
				CLANG_ENABLE_OBJC_WEAK = YES;
				CLANG_WARN_BLOCK_CAPTURE_AUTORELEASING = YES;
				CLANG_WARN_BOOL_CONVERSION = YES;
				CLANG_WARN_COMMA = YES;
				CLANG_WARN_CONSTANT_CONVERSION = YES;
				CLANG_WARN_DEPRECATED_OBJC_IMPLEMENTATIONS = YES;
				CLANG_WARN_DIRECT_OBJC_ISA_USAGE = YES_ERROR;
				CLANG_WARN_DOCUMENTATION_COMMENTS = YES;
				CLANG_WARN_EMPTY_BODY = YES;
				CLANG_WARN_ENUM_CONVERSION = YES;
				CLANG_WARN_INFINITE_RECURSION = YES;
				CLANG_WARN_INT_CONVERSION = YES;
				CLANG_WARN_NON_LITERAL_NULL_CONVERSION = YES;
				CLANG_WARN_OBJC_IMPLICIT_RETAIN_SELF = YES;
				CLANG_WARN_OBJC_LITERAL_CONVERSION = YES;
				CLANG_WARN_OBJC_ROOT_CLASS = YES_ERROR;
				CLANG_WARN_QUOTED_INCLUDE_IN_FRAMEWORK_HEADER = YES;
				CLANG_WARN_RANGE_LOOP_ANALYSIS = YES;
				CLANG_WARN_STRICT_PROTOTYPES = YES;
				CLANG_WARN_SUSPICIOUS_MOVE = YES;
				CLANG_WARN_UNGUARDED_AVAILABILITY = YES_AGGRESSIVE;
				CLANG_WARN_UNREACHABLE_CODE = YES;
				CLANG_WARN__DUPLICATE_METHOD_MATCH = YES;
				COPY_PHASE_STRIP = NO;
				DEBUG_INFORMATION_FORMAT = dwarf;
				ENABLE_STRICT_OBJC_MSGSEND = YES;
				ENABLE_TESTABILITY = YES;
				ENABLE_USER_SCRIPT_SANDBOXING = YES;
				GCC_C_LANGUAGE_STANDARD = gnu17;
				GCC_DYNAMIC_NO_PIC = NO;
				GCC_NO_COMMON_BLOCKS = YES;
				GCC_OPTIMIZATION_LEVEL = 0;
				GCC_PREPROCESSOR_DEFINITIONS = (
					"DEBUG=1",
					"$(inherited)",
				);
				GCC_WARN_64_TO_32_BIT_CONVERSION = YES;
				GCC_WARN_ABOUT_RETURN_TYPE = YES_ERROR;
				GCC_WARN_UNDECLARED_SELECTOR = YES;
				GCC_WARN_UNINITIALIZED_AUTOS = YES_AGGRESSIVE;
				GCC_WARN_UNUSED_FUNCTION = YES;
				GCC_WARN_UNUSED_VARIABLE = YES;
				IPHONEOS_DEPLOYMENT_TARGET = 13.0;
				LOCALIZATION_PREFERS_STRING_CATALOGS = YES;
				MTL_ENABLE_DEBUG_INFO = INCLUDE_SOURCE;
				MTL_FAST_MATH = YES;
				ONLY_ACTIVE_ARCH = YES;
				SDKROOT = iphoneos;
				SWIFT_ACTIVE_COMPILATION_CONDITIONS = "DEBUG $(inherited)";
				SWIFT_OPTIMIZATION_LEVEL = "-Onone";
			};
			name = Debug;
		};
		7AE973852BD5EF64003CF880 /* Release */ = {
			isa = XCBuildConfiguration;
			buildSettings = {
				ALWAYS_SEARCH_USER_PATHS = NO;
				ASSETCATALOG_COMPILER_GENERATE_SWIFT_ASSET_SYMBOL_EXTENSIONS = YES;
				CLANG_ANALYZER_NONNULL = YES;
				CLANG_ANALYZER_NUMBER_OBJECT_CONVERSION = YES_AGGRESSIVE;
				CLANG_CXX_LANGUAGE_STANDARD = "gnu++20";
				CLANG_ENABLE_MODULES = YES;
				CLANG_ENABLE_OBJC_ARC = YES;
				CLANG_ENABLE_OBJC_WEAK = YES;
				CLANG_WARN_BLOCK_CAPTURE_AUTORELEASING = YES;
				CLANG_WARN_BOOL_CONVERSION = YES;
				CLANG_WARN_COMMA = YES;
				CLANG_WARN_CONSTANT_CONVERSION = YES;
				CLANG_WARN_DEPRECATED_OBJC_IMPLEMENTATIONS = YES;
				CLANG_WARN_DIRECT_OBJC_ISA_USAGE = YES_ERROR;
				CLANG_WARN_DOCUMENTATION_COMMENTS = YES;
				CLANG_WARN_EMPTY_BODY = YES;
				CLANG_WARN_ENUM_CONVERSION = YES;
				CLANG_WARN_INFINITE_RECURSION = YES;
				CLANG_WARN_INT_CONVERSION = YES;
				CLANG_WARN_NON_LITERAL_NULL_CONVERSION = YES;
				CLANG_WARN_OBJC_IMPLICIT_RETAIN_SELF = YES;
				CLANG_WARN_OBJC_LITERAL_CONVERSION = YES;
				CLANG_WARN_OBJC_ROOT_CLASS = YES_ERROR;
				CLANG_WARN_QUOTED_INCLUDE_IN_FRAMEWORK_HEADER = YES;
				CLANG_WARN_RANGE_LOOP_ANALYSIS = YES;
				CLANG_WARN_STRICT_PROTOTYPES = YES;
				CLANG_WARN_SUSPICIOUS_MOVE = YES;
				CLANG_WARN_UNGUARDED_AVAILABILITY = YES_AGGRESSIVE;
				CLANG_WARN_UNREACHABLE_CODE = YES;
				CLANG_WARN__DUPLICATE_METHOD_MATCH = YES;
				COPY_PHASE_STRIP = NO;
				DEBUG_INFORMATION_FORMAT = "dwarf-with-dsym";
				ENABLE_NS_ASSERTIONS = NO;
				ENABLE_STRICT_OBJC_MSGSEND = YES;
				ENABLE_USER_SCRIPT_SANDBOXING = YES;
				GCC_C_LANGUAGE_STANDARD = gnu17;
				GCC_NO_COMMON_BLOCKS = YES;
				GCC_WARN_64_TO_32_BIT_CONVERSION = YES;
				GCC_WARN_ABOUT_RETURN_TYPE = YES_ERROR;
				GCC_WARN_UNDECLARED_SELECTOR = YES;
				GCC_WARN_UNINITIALIZED_AUTOS = YES_AGGRESSIVE;
				GCC_WARN_UNUSED_FUNCTION = YES;
				GCC_WARN_UNUSED_VARIABLE = YES;
				IPHONEOS_DEPLOYMENT_TARGET = 13.0;
				LOCALIZATION_PREFERS_STRING_CATALOGS = YES;
				MTL_ENABLE_DEBUG_INFO = NO;
				MTL_FAST_MATH = YES;
				SDKROOT = iphoneos;
				SWIFT_COMPILATION_MODE = wholemodule;
				VALIDATE_PRODUCT = YES;
			};
			name = Release;
		};
		7AE973872BD5EF64003CF880 /* Debug */ = {
			isa = XCBuildConfiguration;
			baseConfigurationReference = 47C32BA5A4E89F9C24F12CFC /* Pods-RxSwiftSupplementExample.debug.xcconfig */;
			buildSettings = {
				ASSETCATALOG_COMPILER_APPICON_NAME = AppIcon;
				ASSETCATALOG_COMPILER_GLOBAL_ACCENT_COLOR_NAME = AccentColor;
				CODE_SIGN_STYLE = Automatic;
				CURRENT_PROJECT_VERSION = 1;
				DEVELOPMENT_TEAM = KJ6AEY5JEH;
				GENERATE_INFOPLIST_FILE = YES;
				INFOPLIST_FILE = RxSwiftSupplementExample/Info.plist;
				INFOPLIST_KEY_UIApplicationSupportsIndirectInputEvents = YES;
				INFOPLIST_KEY_UILaunchStoryboardName = LaunchScreen;
				INFOPLIST_KEY_UIMainStoryboardFile = Main;
				INFOPLIST_KEY_UISupportedInterfaceOrientations_iPad = "UIInterfaceOrientationPortrait UIInterfaceOrientationPortraitUpsideDown UIInterfaceOrientationLandscapeLeft UIInterfaceOrientationLandscapeRight";
				INFOPLIST_KEY_UISupportedInterfaceOrientations_iPhone = "UIInterfaceOrientationPortrait UIInterfaceOrientationLandscapeLeft UIInterfaceOrientationLandscapeRight";
				LD_RUNPATH_SEARCH_PATHS = (
					"$(inherited)",
					"@executable_path/Frameworks",
				);
				MARKETING_VERSION = 1.0;
				PRODUCT_BUNDLE_IDENTIFIER = com.ruanmei.RxSwiftSupplementExample;
				PRODUCT_NAME = "$(TARGET_NAME)";
				SWIFT_EMIT_LOC_STRINGS = YES;
				SWIFT_VERSION = 5.0;
				TARGETED_DEVICE_FAMILY = "1,2";
			};
			name = Debug;
		};
		7AE973882BD5EF64003CF880 /* Release */ = {
			isa = XCBuildConfiguration;
			baseConfigurationReference = 7FC62C8157A005663BE12B07 /* Pods-RxSwiftSupplementExample.release.xcconfig */;
			buildSettings = {
				ASSETCATALOG_COMPILER_APPICON_NAME = AppIcon;
				ASSETCATALOG_COMPILER_GLOBAL_ACCENT_COLOR_NAME = AccentColor;
				CODE_SIGN_STYLE = Automatic;
				CURRENT_PROJECT_VERSION = 1;
				DEVELOPMENT_TEAM = KJ6AEY5JEH;
				GENERATE_INFOPLIST_FILE = YES;
				INFOPLIST_FILE = RxSwiftSupplementExample/Info.plist;
				INFOPLIST_KEY_UIApplicationSupportsIndirectInputEvents = YES;
				INFOPLIST_KEY_UILaunchStoryboardName = LaunchScreen;
				INFOPLIST_KEY_UIMainStoryboardFile = Main;
				INFOPLIST_KEY_UISupportedInterfaceOrientations_iPad = "UIInterfaceOrientationPortrait UIInterfaceOrientationPortraitUpsideDown UIInterfaceOrientationLandscapeLeft UIInterfaceOrientationLandscapeRight";
				INFOPLIST_KEY_UISupportedInterfaceOrientations_iPhone = "UIInterfaceOrientationPortrait UIInterfaceOrientationLandscapeLeft UIInterfaceOrientationLandscapeRight";
				LD_RUNPATH_SEARCH_PATHS = (
					"$(inherited)",
					"@executable_path/Frameworks",
				);
				MARKETING_VERSION = 1.0;
				PRODUCT_BUNDLE_IDENTIFIER = com.ruanmei.RxSwiftSupplementExample;
				PRODUCT_NAME = "$(TARGET_NAME)";
				SWIFT_EMIT_LOC_STRINGS = YES;
				SWIFT_VERSION = 5.0;
				TARGETED_DEVICE_FAMILY = "1,2";
			};
			name = Release;
		};
/* End XCBuildConfiguration section */

/* Begin XCConfigurationList section */
		7AE9736D2BD5EF63003CF880 /* Build configuration list for PBXProject "RxSwiftSupplementExample" */ = {
			isa = XCConfigurationList;
			buildConfigurations = (
				7AE973842BD5EF64003CF880 /* Debug */,
				7AE973852BD5EF64003CF880 /* Release */,
			);
			defaultConfigurationIsVisible = 0;
			defaultConfigurationName = Release;
		};
		7AE973862BD5EF64003CF880 /* Build configuration list for PBXNativeTarget "RxSwiftSupplementExample" */ = {
			isa = XCConfigurationList;
			buildConfigurations = (
				7AE973872BD5EF64003CF880 /* Debug */,
				7AE973882BD5EF64003CF880 /* Release */,
			);
			defaultConfigurationIsVisible = 0;
			defaultConfigurationName = Release;
		};
/* End XCConfigurationList section */
	};
	rootObject = 7AE9736A2BD5EF63003CF880 /* Project object */;
}
